{
  "requires": true,
  "lockfileVersion": 1,
  "dependencies": {
    "acorn": {
      "version": "5.5.3",
      "resolved": "https://registry.npmjs.org/acorn/-/acorn-5.5.3.tgz",
      "integrity": "sha512-jd5MkIUlbbmb07nXH0DT3y7rDVtkzDi4XZOUVWAer8ajmF/DTSSbl5oNFyDOl/OXA33Bl79+ypHhl2pN20VeOQ=="
    },
    "amdefine": {
      "version": "1.0.1",
      "resolved": "https://registry.npmjs.org/amdefine/-/amdefine-1.0.1.tgz",
      "integrity": "sha1-SlKCrBZHKek2Gbz9OtFR+BfOkfU="
    },
    "asap": {
      "version": "1.0.0",
      "resolved": "https://registry.npmjs.org/asap/-/asap-1.0.0.tgz",
      "integrity": "sha1-sqRdpf36ILBJb8N2jMJ8EvqRan0="
    },
    "asn1": {
      "version": "0.1.11",
      "resolved": "https://registry.npmjs.org/asn1/-/asn1-0.1.11.tgz",
      "integrity": "sha1-VZvhg3bQik7E2+gId9J4GGObLfc="
    },
    "assert-plus": {
      "version": "0.1.5",
      "resolved": "https://registry.npmjs.org/assert-plus/-/assert-plus-0.1.5.tgz",
      "integrity": "sha1-7nQAlBMALYTOxyGcasgRgS5yMWA="
    },
    "async": {
      "version": "0.9.2",
      "resolved": "https://registry.npmjs.org/async/-/async-0.9.2.tgz",
      "integrity": "sha1-rqdNXmHB+JlhO/ZL2mbUx48v0X0="
    },
    "aws-sign2": {
      "version": "0.5.0",
      "resolved": "https://registry.npmjs.org/aws-sign2/-/aws-sign2-0.5.0.tgz",
      "integrity": "sha1-xXED96F/wDfwLXwuZLYC6iI/fWM="
    },
    "bl": {
      "version": "0.9.5",
      "resolved": "https://registry.npmjs.org/bl/-/bl-0.9.5.tgz",
      "integrity": "sha1-wGt5evCF6gC8Unr8jvzxHeIjIFQ=",
      "requires": {
        "readable-stream": "1.0.34"
      }
    },
    "boom": {
      "version": "0.4.2",
      "resolved": "https://registry.npmjs.org/boom/-/boom-0.4.2.tgz",
      "integrity": "sha1-emNune1O/O+xnO9JR6PGffrukRs=",
      "requires": {
        "hoek": "0.9.1"
      }
    },
    "browserify-transform-tools": {
      "version": "1.7.0",
      "resolved": "https://registry.npmjs.org/browserify-transform-tools/-/browserify-transform-tools-1.7.0.tgz",
      "integrity": "sha1-g+J3Ih9jJZvtLn6yooOpcKUB9MQ=",
      "requires": {
        "falafel": "2.1.0",
        "through": "2.3.8"
      }
    },
    "caseless": {
      "version": "0.6.0",
      "resolved": "https://registry.npmjs.org/caseless/-/caseless-0.6.0.tgz",
      "integrity": "sha1-gWfBq4OX+1u5X5bSjlqBxQ8kesQ="
    },
    "combined-stream": {
      "version": "0.0.7",
      "resolved": "https://registry.npmjs.org/combined-stream/-/combined-stream-0.0.7.tgz",
      "integrity": "sha1-ATfmV7qlp1QcV6w3rF/AfXO03B8=",
      "requires": {
        "delayed-stream": "0.0.5"
      }
    },
    "commander": {
      "version": "2.15.1",
      "resolved": "https://registry.npmjs.org/commander/-/commander-2.15.1.tgz",
      "integrity": "sha512-VlfT9F3V0v+jr4yxPc5gg9s62/fIVWsd2Bk2iD435um1NlGMYdVCq+MjcXnhYq2icNOizHr1kK+5TI6H0Hy0ag=="
    },
    "core-util-is": {
      "version": "1.0.2",
      "resolved": "https://registry.npmjs.org/core-util-is/-/core-util-is-1.0.2.tgz",
      "integrity": "sha1-tf1UIgqivFq1eqtxQMlAdUUDwac="
    },
    "cryptiles": {
      "version": "0.2.2",
      "resolved": "https://registry.npmjs.org/cryptiles/-/cryptiles-0.2.2.tgz",
      "integrity": "sha1-7ZH/HxetE9N0gohZT4pIoNJvMlw=",
      "requires": {
        "boom": "0.4.2"
      }
    },
    "ctype": {
      "version": "0.5.3",
      "resolved": "https://registry.npmjs.org/ctype/-/ctype-0.5.3.tgz",
      "integrity": "sha1-gsGMJGH3QRTvFsE1IkrQuRRMoS8="
    },
    "d3": {
      "version": "5.4.0",
      "resolved": "https://registry.npmjs.org/d3/-/d3-5.4.0.tgz",
      "integrity": "sha1-CQGZqFadHeI9BKP/B/4TYJX+p04=",
      "requires": {
        "d3-array": "1.2.1",
        "d3-axis": "1.0.8",
        "d3-brush": "1.0.4",
        "d3-chord": "1.0.4",
        "d3-collection": "1.0.4",
        "d3-color": "1.2.0",
        "d3-contour": "1.2.0",
        "d3-dispatch": "1.0.3",
        "d3-drag": "1.2.1",
        "d3-dsv": "1.0.8",
        "d3-ease": "1.0.3",
        "d3-fetch": "1.1.0",
        "d3-force": "1.1.0",
        "d3-format": "1.2.2",
        "d3-geo": "1.10.0",
        "d3-hierarchy": "1.1.6",
        "d3-interpolate": "1.2.0",
        "d3-path": "1.0.5",
        "d3-polygon": "1.0.3",
        "d3-quadtree": "1.0.3",
        "d3-random": "1.1.0",
        "d3-scale": "2.0.0",
        "d3-scale-chromatic": "1.2.0",
        "d3-selection": "1.3.0",
        "d3-shape": "1.2.0",
        "d3-time": "1.0.8",
        "d3-time-format": "2.1.1",
        "d3-timer": "1.0.7",
        "d3-transition": "1.1.1",
        "d3-voronoi": "1.1.2",
        "d3-zoom": "1.7.1"
      },
      "dependencies": {
        "d3-scale": {
          "version": "2.0.0",
          "resolved": "https://registry.npmjs.org/d3-scale/-/d3-scale-2.0.0.tgz",
          "integrity": "sha512-Sa2Ny6CoJT7x6dozxPnvUQT61epGWsgppFvnNl8eJEzfJBG0iDBBTJAtz2JKem7Mb+NevnaZiDiIDHsuWkv6vg==",
          "requires": {
            "d3-array": "1.2.1",
            "d3-collection": "1.0.4",
            "d3-format": "1.2.2",
            "d3-interpolate": "1.2.0",
            "d3-time": "1.0.8",
            "d3-time-format": "2.1.1"
          }
        }
      }
    },
    "d3-array": {
      "version": "1.2.1",
      "resolved": "https://registry.npmjs.org/d3-array/-/d3-array-1.2.1.tgz",
      "integrity": "sha512-CyINJQ0SOUHojDdFDH4JEM0552vCR1utGyLHegJHyYH0JyCpSeTPxi4OBqHMA2jJZq4NH782LtaJWBImqI/HBw=="
    },
    "d3-axis": {
      "version": "1.0.8",
      "resolved": "https://registry.npmjs.org/d3-axis/-/d3-axis-1.0.8.tgz",
      "integrity": "sha1-MacFoLU15ldZ3hQXOjGTMTfxjvo="
    },
    "d3-brush": {
      "version": "1.0.4",
      "resolved": "https://registry.npmjs.org/d3-brush/-/d3-brush-1.0.4.tgz",
      "integrity": "sha1-AMLyOAGfJPbAoZSibUGhUw/+e8Q=",
      "requires": {
        "d3-dispatch": "1.0.3",
        "d3-drag": "1.2.1",
        "d3-interpolate": "1.2.0",
        "d3-selection": "1.3.0",
        "d3-transition": "1.1.1"
      }
    },
    "d3-chord": {
      "version": "1.0.4",
      "resolved": "https://registry.npmjs.org/d3-chord/-/d3-chord-1.0.4.tgz",
      "integrity": "sha1-fexPC6iG9xP+ERxF92NBT290yiw=",
      "requires": {
        "d3-array": "1.2.1",
        "d3-path": "1.0.5"
      }
    },
    "d3-collection": {
      "version": "1.0.4",
      "resolved": "https://registry.npmjs.org/d3-collection/-/d3-collection-1.0.4.tgz",
      "integrity": "sha1-NC39EoN8kJdPM/HMCnha6lcNzcI="
    },
    "d3-color": {
      "version": "1.2.0",
      "resolved": "https://registry.npmjs.org/d3-color/-/d3-color-1.2.0.tgz",
      "integrity": "sha512-dmL9Zr/v39aSSMnLOTd58in2RbregCg4UtGyUArvEKTTN6S3HKEy+ziBWVYo9PTzRyVW+pUBHUtRKz0HYX+SQg=="
    },
    "d3-color-legend": {
      "version": "1.2.4",
      "resolved": "https://registry.npmjs.org/d3-color-legend/-/d3-color-legend-1.2.4.tgz",
      "integrity": "sha512-2Cwe3LtRbq0A6eFLXF2gXTGpFap46+cbmtEo6EaYOI2ACCg0lsVnfCyaERYoDum9yplcNs93kD8iNXG82ImRcg==",
      "requires": {
        "d3-selection": "1.3.0",
        "kapsule": "1.9.1",
        "svg-text-fit": "1.1.5",
        "svg-utils": "1.2.6",
        "tinycolor2": "1.4.1"
      }
    },
    "d3-contour": {
      "version": "1.2.0",
      "resolved": "https://registry.npmjs.org/d3-contour/-/d3-contour-1.2.0.tgz",
      "integrity": "sha512-nDzZ2KDnrgTrhMjV8TH0RNrljk6uPNAGkG/v/1SKNVvJa2JU8szjh7o2ZYTX8yufA2oCI5HyeMqbzwiB+oDoIA==",
      "requires": {
        "d3-array": "1.2.1"
      }
    },
    "d3-dispatch": {
      "version": "1.0.3",
      "resolved": "https://registry.npmjs.org/d3-dispatch/-/d3-dispatch-1.0.3.tgz",
      "integrity": "sha1-RuFJHqqbWMNY/OW+TovtYm54cfg="
    },
    "d3-drag": {
      "version": "1.2.1",
      "resolved": "https://registry.npmjs.org/d3-drag/-/d3-drag-1.2.1.tgz",
      "integrity": "sha512-Cg8/K2rTtzxzrb0fmnYOUeZHvwa4PHzwXOLZZPwtEs2SKLLKLXeYwZKBB+DlOxUvFmarOnmt//cU4+3US2lyyQ==",
      "requires": {
        "d3-dispatch": "1.0.3",
        "d3-selection": "1.3.0"
      }
    },
    "d3-dsv": {
      "version": "1.0.8",
      "resolved": "https://registry.npmjs.org/d3-dsv/-/d3-dsv-1.0.8.tgz",
      "integrity": "sha512-IVCJpQ+YGe3qu6odkPQI0KPqfxkhbP/oM1XhhE/DFiYmcXKfCRub4KXyiuehV1d4drjWVXHUWx4gHqhdZb6n/A==",
      "requires": {
        "commander": "2.15.1",
        "iconv-lite": "0.4.22",
        "rw": "1.3.3"
      }
    },
    "d3-ease": {
      "version": "1.0.3",
      "resolved": "https://registry.npmjs.org/d3-ease/-/d3-ease-1.0.3.tgz",
      "integrity": "sha1-aL+8NJM4o4DETYrMT7wzBKotjA4="
    },
    "d3-fetch": {
      "version": "1.1.0",
      "resolved": "https://registry.npmjs.org/d3-fetch/-/d3-fetch-1.1.0.tgz",
      "integrity": "sha512-j+V4vtT6dceQbcKYLtpTueB8Zvc+wb9I93WaFtEQIYNADXl0c1ZJMN3qQo0CssiTsAqK8pePwc7f4qiW+b0WOg==",
      "requires": {
        "d3-dsv": "1.0.8"
      }
    },
    "d3-force": {
      "version": "1.1.0",
      "resolved": "https://registry.npmjs.org/d3-force/-/d3-force-1.1.0.tgz",
      "integrity": "sha512-2HVQz3/VCQs0QeRNZTYb7GxoUCeb6bOzMp/cGcLa87awY9ZsPvXOGeZm0iaGBjXic6I1ysKwMn+g+5jSAdzwcg==",
      "requires": {
        "d3-collection": "1.0.4",
        "d3-dispatch": "1.0.3",
        "d3-quadtree": "1.0.3",
        "d3-timer": "1.0.7"
      }
    },
    "d3-format": {
      "version": "1.2.2",
      "resolved": "https://registry.npmjs.org/d3-format/-/d3-format-1.2.2.tgz",
      "integrity": "sha512-zH9CfF/3C8zUI47nsiKfD0+AGDEuM8LwBIP7pBVpyR4l/sKkZqITmMtxRp04rwBrlshIZ17XeFAaovN3++wzkw=="
    },
    "d3-geo": {
      "version": "1.10.0",
      "resolved": "https://registry.npmjs.org/d3-geo/-/d3-geo-1.10.0.tgz",
      "integrity": "sha512-VK/buVGgexthTTqGRNXQ/LSo3EbOFu4p2Pjud5drSIaEnOaF2moc8A3P7WEljEO1JEBEwbpAJjFWMuJiUtoBcw==",
      "requires": {
        "d3-array": "1.2.1"
      }
    },
    "d3-hierarchy": {
      "version": "1.1.6",
      "resolved": "https://registry.npmjs.org/d3-hierarchy/-/d3-hierarchy-1.1.6.tgz",
      "integrity": "sha512-nn4bhBnwWnMSoZgkBXD7vRyZ0xVUsNMQRKytWYHhP1I4qHw+qzApCTgSQTZqMdf4XXZbTMqA59hFusga+THA/g=="
    },
    "d3-interpolate": {
      "version": "1.2.0",
      "resolved": "https://registry.npmjs.org/d3-interpolate/-/d3-interpolate-1.2.0.tgz",
      "integrity": "sha512-zLvTk8CREPFfc/2XglPQriAsXkzoRDAyBzndtKJWrZmHw7kmOWHNS11e40kPTd/oGk8P5mFJW5uBbcFQ+ybxyA==",
      "requires": {
        "d3-color": "1.2.0"
      }
    },
    "d3-path": {
      "version": "1.0.5",
      "resolved": "https://registry.npmjs.org/d3-path/-/d3-path-1.0.5.tgz",
      "integrity": "sha1-JB6xhJvZ6egCHA0KeZ+KDo5EF2Q="
    },
    "d3-polygon": {
      "version": "1.0.3",
      "resolved": "https://registry.npmjs.org/d3-polygon/-/d3-polygon-1.0.3.tgz",
      "integrity": "sha1-FoiOkCZGCTPysXllKtN4Ik04LGI="
    },
    "d3-quadtree": {
      "version": "1.0.3",
      "resolved": "https://registry.npmjs.org/d3-quadtree/-/d3-quadtree-1.0.3.tgz",
      "integrity": "sha1-rHmH4+I/6AWpkPKOG1DTj8uCJDg="
    },
    "d3-queue": {
      "version": "3.0.7",
      "resolved": "https://registry.npmjs.org/d3-queue/-/d3-queue-3.0.7.tgz",
      "integrity": "sha1-yTouVLQXwJWRKdfXP2z31Ckudhg="
    },
    "d3-random": {
      "version": "1.1.0",
      "resolved": "https://registry.npmjs.org/d3-random/-/d3-random-1.1.0.tgz",
      "integrity": "sha1-ZkLlBsb6OmSFldKyRpeIqNElKdM="
    },
    "d3-request": {
      "version": "1.0.6",
      "resolved": "https://registry.npmjs.org/d3-request/-/d3-request-1.0.6.tgz",
      "integrity": "sha512-FJj8ySY6GYuAJHZMaCQ83xEYE4KbkPkmxZ3Hu6zA1xxG2GD+z6P+Lyp+zjdsHf0xEbp2xcluDI50rCS855EQ6w==",
      "requires": {
        "d3-collection": "1.0.4",
        "d3-dispatch": "1.0.3",
        "d3-dsv": "1.0.8",
        "xmlhttprequest": "1.8.0"
      }
    },
    "d3-scale": {
      "version": "1.0.7",
      "resolved": "https://registry.npmjs.org/d3-scale/-/d3-scale-1.0.7.tgz",
      "integrity": "sha512-KvU92czp2/qse5tUfGms6Kjig0AhHOwkzXG0+PqIJB3ke0WUv088AHMZI0OssO9NCkXt4RP8yju9rpH8aGB7Lw==",
      "requires": {
        "d3-array": "1.2.1",
        "d3-collection": "1.0.4",
        "d3-color": "1.2.0",
        "d3-format": "1.2.2",
        "d3-interpolate": "1.2.0",
        "d3-time": "1.0.8",
        "d3-time-format": "2.1.1"
      }
    },
    "d3-scale-chromatic": {
      "version": "1.2.0",
      "resolved": "https://registry.npmjs.org/d3-scale-chromatic/-/d3-scale-chromatic-1.2.0.tgz",
      "integrity": "sha512-qQUhLi8fPe/F0b0M46C6eFUbms5IIMHuhJ5DKjjzBUvm1b6aPtygJzGbrMdMUD/ckLBq+NdWwHeN2cpMDp4Q5Q==",
      "requires": {
        "d3-color": "1.2.0",
        "d3-interpolate": "1.2.0"
      }
    },
    "d3-selection": {
      "version": "1.3.0",
      "resolved": "https://registry.npmjs.org/d3-selection/-/d3-selection-1.3.0.tgz",
      "integrity": "sha512-qgpUOg9tl5CirdqESUAu0t9MU/t3O9klYfGfyKsXEmhyxyzLpzpeh08gaxBUTQw1uXIOkr/30Ut2YRjSSxlmHA=="
    },
    "d3-shape": {
      "version": "1.2.0",
      "resolved": "https://registry.npmjs.org/d3-shape/-/d3-shape-1.2.0.tgz",
      "integrity": "sha1-RdAVOPBkuv0F6j1tLLdI/YxB93c=",
      "requires": {
        "d3-path": "1.0.5"
      }
    },
    "d3-time": {
      "version": "1.0.8",
      "resolved": "https://registry.npmjs.org/d3-time/-/d3-time-1.0.8.tgz",
      "integrity": "sha512-YRZkNhphZh3KcnBfitvF3c6E0JOFGikHZ4YqD+Lzv83ZHn1/u6yGenRU1m+KAk9J1GnZMnKcrtfvSktlA1DXNQ=="
    },
    "d3-time-format": {
      "version": "2.1.1",
      "resolved": "https://registry.npmjs.org/d3-time-format/-/d3-time-format-2.1.1.tgz",
      "integrity": "sha512-8kAkymq2WMfzW7e+s/IUNAtN/y3gZXGRrdGfo6R8NKPAA85UBTxZg5E61bR6nLwjPjj4d3zywSQe1CkYLPFyrw==",
      "requires": {
        "d3-time": "1.0.8"
      }
    },
    "d3-timeline": {
      "version": "1.0.1",
      "resolved": "https://registry.npmjs.org/d3-timeline/-/d3-timeline-1.0.1.tgz",
      "integrity": "sha1-qgVd1PToSf0+9cE2FIz50O2VLs4=",
      "requires": {
        "d3": "3.5.17",
        "date-math": "0.0.1",
        "lodash": "3.10.1",
        "node-lessify": "0.0.8",
        "vashify": "0.4.0"
      },
      "dependencies": {
        "d3": {
          "version": "3.5.17",
          "resolved": "https://registry.npmjs.org/d3/-/d3-3.5.17.tgz",
          "integrity": "sha1-vEZ0gAQ3iyGjYMn8fPUjF5B2L7g="
        }
      }
    },
    "d3-timeline-chart": {
      "version": "1.3.0",
      "resolved": "https://registry.npmjs.org/d3-timeline-chart/-/d3-timeline-chart-1.3.0.tgz",
      "integrity": "sha1-oEpWM0wJ0vP9pNnu++NE5UF8Fb8="
    },
    "d3-timelines": {
      "version": "1.3.1",
      "resolved": "https://registry.npmjs.org/d3-timelines/-/d3-timelines-1.3.1.tgz",
      "integrity": "sha1-G0c6rLt5LoYpFIcE5eHrF5BGYOs=",
      "requires": {
        "d3": "4.13.0",
        "d3-array": "1.2.1",
        "d3-axis": "1.0.8",
        "d3-scale": "1.0.7",
        "d3-selection": "1.3.0",
        "d3-time": "1.0.8",
        "d3-time-format": "2.1.1",
        "d3-zoom": "1.7.1"
      },
      "dependencies": {
        "d3": {
          "version": "4.13.0",
          "resolved": "https://registry.npmjs.org/d3/-/d3-4.13.0.tgz",
          "integrity": "sha512-l8c4+0SldjVKLaE2WG++EQlqD7mh/dmQjvi2L2lKPadAVC+TbJC4ci7Uk9bRi+To0+ansgsS0iWfPjD7DBy+FQ==",
          "requires": {
            "d3-array": "1.2.1",
            "d3-axis": "1.0.8",
            "d3-brush": "1.0.4",
            "d3-chord": "1.0.4",
            "d3-collection": "1.0.4",
            "d3-color": "1.0.3",
            "d3-dispatch": "1.0.3",
            "d3-drag": "1.2.1",
            "d3-dsv": "1.0.8",
            "d3-ease": "1.0.3",
            "d3-force": "1.1.0",
            "d3-format": "1.2.2",
            "d3-geo": "1.9.1",
            "d3-hierarchy": "1.1.5",
            "d3-interpolate": "1.1.6",
            "d3-path": "1.0.5",
            "d3-polygon": "1.0.3",
            "d3-quadtree": "1.0.3",
            "d3-queue": "3.0.7",
            "d3-random": "1.1.0",
            "d3-request": "1.0.6",
            "d3-scale": "1.0.7",
            "d3-selection": "1.3.0",
            "d3-shape": "1.2.0",
            "d3-time": "1.0.8",
            "d3-time-format": "2.1.1",
            "d3-timer": "1.0.7",
            "d3-transition": "1.1.1",
            "d3-voronoi": "1.1.2",
            "d3-zoom": "1.7.1"
          }
        },
        "d3-color": {
          "version": "1.0.3",
          "resolved": "https://registry.npmjs.org/d3-color/-/d3-color-1.0.3.tgz",
          "integrity": "sha1-vHZD/KjlOoNH4vva/6I2eWtYUJs="
        },
        "d3-geo": {
          "version": "1.9.1",
          "resolved": "https://registry.npmjs.org/d3-geo/-/d3-geo-1.9.1.tgz",
          "integrity": "sha512-l9wL/cEQkyZQYXw3xbmLsH3eQ5ij+icNfo4r0GrLa5rOCZR/e/3am45IQ0FvQ5uMsv+77zBRunLc9ufTWSQYFA==",
          "requires": {
            "d3-array": "1.2.1"
          }
        },
        "d3-hierarchy": {
          "version": "1.1.5",
          "resolved": "https://registry.npmjs.org/d3-hierarchy/-/d3-hierarchy-1.1.5.tgz",
          "integrity": "sha1-ochFxC+Eoga88cAcAQmOpN2qeiY="
        },
        "d3-interpolate": {
          "version": "1.1.6",
          "resolved": "https://registry.npmjs.org/d3-interpolate/-/d3-interpolate-1.1.6.tgz",
          "integrity": "sha512-mOnv5a+pZzkNIHtw/V6I+w9Lqm9L5bG3OTXPM5A+QO0yyVMQ4W1uZhR+VOJmazaOZXri2ppbiZ5BUNWT0pFM9A==",
          "requires": {
            "d3-color": "1.0.3"
          }
        }
      }
    },
    "d3-timer": {
      "version": "1.0.7",
      "resolved": "https://registry.npmjs.org/d3-timer/-/d3-timer-1.0.7.tgz",
      "integrity": "sha512-vMZXR88XujmG/L5oB96NNKH5lCWwiLM/S2HyyAQLcjWJCloK5shxta4CwOFYLZoY3AWX73v8Lgv4cCAdWtRmOA=="
    },
    "d3-tip": {
      "version": "0.7.1",
      "resolved": "https://registry.npmjs.org/d3-tip/-/d3-tip-0.7.1.tgz",
      "integrity": "sha1-eMv1VPZ7cgpw47DxkeFM/+aM3Xk=",
      "requires": {
        "d3": "4.13.0"
      },
      "dependencies": {
        "d3": {
          "version": "4.13.0",
          "resolved": "https://registry.npmjs.org/d3/-/d3-4.13.0.tgz",
          "integrity": "sha512-l8c4+0SldjVKLaE2WG++EQlqD7mh/dmQjvi2L2lKPadAVC+TbJC4ci7Uk9bRi+To0+ansgsS0iWfPjD7DBy+FQ==",
          "requires": {
            "d3-array": "1.2.1",
            "d3-axis": "1.0.8",
            "d3-brush": "1.0.4",
            "d3-chord": "1.0.4",
            "d3-collection": "1.0.4",
            "d3-color": "1.0.3",
            "d3-dispatch": "1.0.3",
            "d3-drag": "1.2.1",
            "d3-dsv": "1.0.8",
            "d3-ease": "1.0.3",
            "d3-force": "1.1.0",
            "d3-format": "1.2.2",
            "d3-geo": "1.9.1",
            "d3-hierarchy": "1.1.5",
            "d3-interpolate": "1.1.6",
            "d3-path": "1.0.5",
            "d3-polygon": "1.0.3",
            "d3-quadtree": "1.0.3",
            "d3-queue": "3.0.7",
            "d3-random": "1.1.0",
            "d3-request": "1.0.6",
            "d3-scale": "1.0.7",
            "d3-selection": "1.3.0",
            "d3-shape": "1.2.0",
            "d3-time": "1.0.8",
            "d3-time-format": "2.1.1",
            "d3-timer": "1.0.7",
            "d3-transition": "1.1.1",
            "d3-voronoi": "1.1.2",
            "d3-zoom": "1.7.1"
          }
        },
        "d3-color": {
          "version": "1.0.3",
          "resolved": "https://registry.npmjs.org/d3-color/-/d3-color-1.0.3.tgz",
          "integrity": "sha1-vHZD/KjlOoNH4vva/6I2eWtYUJs="
        },
        "d3-geo": {
          "version": "1.9.1",
          "resolved": "https://registry.npmjs.org/d3-geo/-/d3-geo-1.9.1.tgz",
          "integrity": "sha512-l9wL/cEQkyZQYXw3xbmLsH3eQ5ij+icNfo4r0GrLa5rOCZR/e/3am45IQ0FvQ5uMsv+77zBRunLc9ufTWSQYFA==",
          "requires": {
            "d3-array": "1.2.1"
          }
        },
        "d3-hierarchy": {
          "version": "1.1.5",
          "resolved": "https://registry.npmjs.org/d3-hierarchy/-/d3-hierarchy-1.1.5.tgz",
          "integrity": "sha1-ochFxC+Eoga88cAcAQmOpN2qeiY="
        },
        "d3-interpolate": {
          "version": "1.1.6",
          "resolved": "https://registry.npmjs.org/d3-interpolate/-/d3-interpolate-1.1.6.tgz",
          "integrity": "sha512-mOnv5a+pZzkNIHtw/V6I+w9Lqm9L5bG3OTXPM5A+QO0yyVMQ4W1uZhR+VOJmazaOZXri2ppbiZ5BUNWT0pFM9A==",
          "requires": {
            "d3-color": "1.0.3"
          }
        }
      }
    },
    "d3-transition": {
      "version": "1.1.1",
      "resolved": "https://registry.npmjs.org/d3-transition/-/d3-transition-1.1.1.tgz",
      "integrity": "sha512-xeg8oggyQ+y5eb4J13iDgKIjUcEfIOZs2BqV/eEmXm2twx80wTzJ4tB4vaZ5BKfz7XsI/DFmQL5me6O27/5ykQ==",
      "requires": {
        "d3-color": "1.2.0",
        "d3-dispatch": "1.0.3",
        "d3-ease": "1.0.3",
        "d3-interpolate": "1.2.0",
        "d3-selection": "1.3.0",
        "d3-timer": "1.0.7"
      }
    },
    "d3-voronoi": {
      "version": "1.1.2",
      "resolved": "https://registry.npmjs.org/d3-voronoi/-/d3-voronoi-1.1.2.tgz",
      "integrity": "sha1-Fodmfo8TotFYyAwUgMWinLDYlzw="
    },
    "d3-zoom": {
      "version": "1.7.1",
      "resolved": "https://registry.npmjs.org/d3-zoom/-/d3-zoom-1.7.1.tgz",
      "integrity": "sha512-sZHQ55DGq5BZBFGnRshUT8tm2sfhPHFnOlmPbbwTkAoPeVdRTkB4Xsf9GCY0TSHrTD8PeJPZGmP/TpGicwJDJQ==",
      "requires": {
        "d3-dispatch": "1.0.3",
        "d3-drag": "1.2.1",
        "d3-interpolate": "1.2.0",
        "d3-selection": "1.3.0",
        "d3-transition": "1.1.1"
      }
    },
    "date-math": {
      "version": "0.0.1",
      "resolved": "https://registry.npmjs.org/date-math/-/date-math-0.0.1.tgz",
      "integrity": "sha1-ih1S0CT9lKeVEXNeynIDYVbV77Y="
    },
    "debounce": {
      "version": "1.1.0",
      "resolved": "https://registry.npmjs.org/debounce/-/debounce-1.1.0.tgz",
      "integrity": "sha512-ZQVKfRVlwRfD150ndzEK8M90ABT+Y/JQKs4Y7U4MXdpuoUkkrr4DwKbVux3YjylA5bUMUj0Nc3pMxPJX6N2QQQ=="
    },
    "deep-is": {
      "version": "0.1.3",
      "resolved": "https://registry.npmjs.org/deep-is/-/deep-is-0.1.3.tgz",
      "integrity": "sha1-s2nW+128E+7PUk+RsHD+7cNXzzQ="
    },
    "delayed-stream": {
      "version": "0.0.5",
      "resolved": "https://registry.npmjs.org/delayed-stream/-/delayed-stream-0.0.5.tgz",
      "integrity": "sha1-1LH0OpPoKW3+AmlPRoC8N6MTxz8="
    },
    "escodegen": {
      "version": "1.9.1",
      "resolved": "https://registry.npmjs.org/escodegen/-/escodegen-1.9.1.tgz",
      "integrity": "sha512-6hTjO1NAWkHnDk3OqQ4YrCuwwmGHL9S3nPlzBOUG/R44rda3wLNrfvQ5fkSGjyhHFKM7ALPKcKGrwvCLe0lC7Q==",
      "requires": {
        "esprima": "3.1.3",
        "estraverse": "4.2.0",
        "esutils": "2.0.2",
        "optionator": "0.8.2",
        "source-map": "0.6.1"
      },
      "dependencies": {
        "esprima": {
          "version": "3.1.3",
          "resolved": "https://registry.npmjs.org/esprima/-/esprima-3.1.3.tgz",
          "integrity": "sha1-/cpRzuYTOJXjyI1TXOSdv/YqRjM="
        },
        "source-map": {
          "version": "0.6.1",
          "resolved": "https://registry.npmjs.org/source-map/-/source-map-0.6.1.tgz",
          "integrity": "sha512-UjgapumWlbMhkBgzT7Ykc5YXUT46F0iKu8SGXq0bcwP5dz/h0Plj6enJqjz1Zbq2l5WaqYnrVbwWOWMyF3F47g==",
          "optional": true
        }
      }
    },
    "esprima": {
      "version": "1.2.5",
      "resolved": "https://registry.npmjs.org/esprima/-/esprima-1.2.5.tgz",
      "integrity": "sha1-CZNQL+r2aBODJXVvMPmlH+7sEek="
    },
    "estraverse": {
      "version": "4.2.0",
      "resolved": "https://registry.npmjs.org/estraverse/-/estraverse-4.2.0.tgz",
      "integrity": "sha1-De4/7TH81GlhjOc0IJn8GvoL2xM="
    },
    "esutils": {
      "version": "2.0.2",
      "resolved": "https://registry.npmjs.org/esutils/-/esutils-2.0.2.tgz",
      "integrity": "sha1-Cr9PHKpbyx96nYrMbepPqqBLrJs="
    },
    "falafel": {
      "version": "2.1.0",
      "resolved": "https://registry.npmjs.org/falafel/-/falafel-2.1.0.tgz",
      "integrity": "sha1-lrsXdh2rqU9G0AFzizzt86Z/4Gw=",
      "requires": {
        "acorn": "5.5.3",
        "foreach": "2.0.5",
        "isarray": "0.0.1",
        "object-keys": "1.0.11"
      }
    },
    "fast-levenshtein": {
      "version": "2.0.6",
      "resolved": "https://registry.npmjs.org/fast-levenshtein/-/fast-levenshtein-2.0.6.tgz",
      "integrity": "sha1-PYpcZog6FqMMqGQ+hR8Zuqd5eRc="
    },
    "foreach": {
      "version": "2.0.5",
      "resolved": "https://registry.npmjs.org/foreach/-/foreach-2.0.5.tgz",
      "integrity": "sha1-C+4AUBiusmDQo6865ljdATbsG5k="
    },
    "forever-agent": {
      "version": "0.5.2",
      "resolved": "https://registry.npmjs.org/forever-agent/-/forever-agent-0.5.2.tgz",
      "integrity": "sha1-bQ4JxJIflKJ/Y9O0nF/v8epMUTA="
    },
    "form-data": {
      "version": "0.1.4",
      "resolved": "https://registry.npmjs.org/form-data/-/form-data-0.1.4.tgz",
      "integrity": "sha1-kavXiKupcCsaq/qLwBAxoqyeOxI=",
      "requires": {
        "async": "0.9.2",
        "combined-stream": "0.0.7",
        "mime": "1.2.11"
      }
    },
    "graceful-fs": {
      "version": "3.0.11",
      "resolved": "https://registry.npmjs.org/graceful-fs/-/graceful-fs-3.0.11.tgz",
      "integrity": "sha1-dhPHeKGv6mLyXGMKCG1/Osu92Bg=",
      "requires": {
        "natives": "1.1.3"
      }
    },
    "hawk": {
      "version": "1.1.1",
      "resolved": "https://registry.npmjs.org/hawk/-/hawk-1.1.1.tgz",
      "integrity": "sha1-h81JH5tG5OKurKM1QWdmiF0tHtk=",
      "requires": {
        "boom": "0.4.2",
        "cryptiles": "0.2.2",
        "hoek": "0.9.1",
        "sntp": "0.2.4"
      }
    },
    "hoek": {
      "version": "0.9.1",
      "resolved": "https://registry.npmjs.org/hoek/-/hoek-0.9.1.tgz",
      "integrity": "sha1-PTIkYrrfB3Fup+uFuviAec3c5QU="
    },
    "http-signature": {
      "version": "0.10.1",
      "resolved": "https://registry.npmjs.org/http-signature/-/http-signature-0.10.1.tgz",
      "integrity": "sha1-T72sEyVZqoMjEh5UB3nAoBKyfmY=",
      "requires": {
        "asn1": "0.1.11",
        "assert-plus": "0.1.5",
        "ctype": "0.5.3"
      }
    },
    "iconv-lite": {
      "version": "0.4.22",
      "resolved": "https://registry.npmjs.org/iconv-lite/-/iconv-lite-0.4.22.tgz",
      "integrity": "sha512-1AinFBeDTnsvVEP+V1QBlHpM1UZZl7gWB6fcz7B1Ho+LI1dUh2sSrxoCfVt2PinRHzXAziSniEV3P7JbTDHcXA==",
      "requires": {
        "safer-buffer": "2.1.2"
      }
    },
    "inherits": {
      "version": "2.0.3",
      "resolved": "https://registry.npmjs.org/inherits/-/inherits-2.0.3.tgz",
      "integrity": "sha1-Yzwsg+PaQqUC9SRmAiSA9CCCYd4="
    },
    "isarray": {
      "version": "0.0.1",
      "resolved": "https://registry.npmjs.org/isarray/-/isarray-0.0.1.tgz",
      "integrity": "sha1-ihis/Kmo9Bd+Cav8YDiTmwXR7t8="
    },
    "json-stringify-safe": {
      "version": "5.0.1",
      "resolved": "https://registry.npmjs.org/json-stringify-safe/-/json-stringify-safe-5.0.1.tgz",
      "integrity": "sha1-Epai1Y/UXxmg9s4B1lcB4sc1tus="
    },
    "kapsule": {
      "version": "1.9.1",
      "resolved": "https://registry.npmjs.org/kapsule/-/kapsule-1.9.1.tgz",
      "integrity": "sha512-Ir7ktYEp6mFfKn9PKP5JcHVUqEwKxa8U0bWUugOEzD8v1TLZAlAZDHuJk/VcotiPm3/j3iQn1stgCNZApn+g8g==",
      "requires": {
        "debounce": "1.1.0"
      }
    },
    "keypress": {
      "version": "0.1.0",
      "resolved": "https://registry.npmjs.org/keypress/-/keypress-0.1.0.tgz",
      "integrity": "sha1-SjGI1CkbZrT2XtuZ+AaqmuKTWSo="
    },
    "less": {
      "version": "2.0.0",
      "resolved": "https://registry.npmjs.org/less/-/less-2.0.0.tgz",
      "integrity": "sha1-qUwK7hGGhylkTZKl7tbqbce7l0E=",
      "requires": {
        "graceful-fs": "3.0.11",
        "mime": "1.2.11",
        "mkdirp": "0.5.1",
        "promise": "6.0.1",
        "request": "2.47.0",
        "source-map": "0.1.43"
      }
    },
    "levn": {
      "version": "0.3.0",
      "resolved": "https://registry.npmjs.org/levn/-/levn-0.3.0.tgz",
      "integrity": "sha1-OwmSTt+fCDwEkP3UwLxEIeBHZO4=",
      "requires": {
        "prelude-ls": "1.1.2",
        "type-check": "0.3.2"
      }
    },
    "lodash": {
      "version": "3.10.1",
      "resolved": "https://registry.npmjs.org/lodash/-/lodash-3.10.1.tgz",
      "integrity": "sha1-W/Rejkm6QYnhfUgnid/RW9FAt7Y="
    },
    "merle": {
      "version": "0.1.5",
      "resolved": "https://registry.npmjs.org/merle/-/merle-0.1.5.tgz",
      "integrity": "sha1-h+UGobBh8P5LhfDdaOgcoPRKC9Q="
    },
    "mime": {
      "version": "1.2.11",
      "resolved": "https://registry.npmjs.org/mime/-/mime-1.2.11.tgz",
      "integrity": "sha1-WCA+7Ybjpe8XrtK32evUfwpg3RA="
    },
    "mime-types": {
      "version": "1.0.2",
      "resolved": "https://registry.npmjs.org/mime-types/-/mime-types-1.0.2.tgz",
      "integrity": "sha1-mVrhOSq4r/y/yyZB3QVOlDwNXc4="
    },
    "minimist": {
      "version": "0.0.8",
      "resolved": "https://registry.npmjs.org/minimist/-/minimist-0.0.8.tgz",
      "integrity": "sha1-hX/Kv8M5fSYluCKCYuhqp6ARsF0="
    },
    "mkdirp": {
      "version": "0.5.1",
      "resolved": "https://registry.npmjs.org/mkdirp/-/mkdirp-0.5.1.tgz",
      "integrity": "sha1-MAV0OOrGz3+MR2fzhkjWaX11yQM=",
      "requires": {
        "minimist": "0.0.8"
      }
    },
    "moment": {
      "version": "2.22.1",
      "resolved": "https://registry.npmjs.org/moment/-/moment-2.22.1.tgz",
      "integrity": "sha512-shJkRTSebXvsVqk56I+lkb2latjBs8I+pc2TzWc545y2iFnSjm7Wg0QMh+ZWcdSLQyGEau5jI8ocnmkyTgr9YQ=="
    },
    "moment-timezone": {
      "version": "0.5.16",
      "resolved": "https://registry.npmjs.org/moment-timezone/-/moment-timezone-0.5.16.tgz",
      "integrity": "sha512-4d1l92plNNqnMkqI/7boWNVXJvwGL2WyByl1Hxp3h/ao3HZiAqaoQY+6KBkYdiN5QtNDpndq+58ozl8W4GVoNw==",
      "requires": {
        "moment": "2.22.1"
      }
    },
    "natives": {
      "version": "1.1.3",
      "resolved": "https://registry.npmjs.org/natives/-/natives-1.1.3.tgz",
      "integrity": "sha512-BZGSYV4YOLxzoTK73l0/s/0sH9l8SHs2ocReMH1f8JYSh5FUWu4ZrKCpJdRkWXV6HFR/pZDz7bwWOVAY07q77g=="
    },
    "node-lessify": {
      "version": "0.0.8",
      "resolved": "https://registry.npmjs.org/node-lessify/-/node-lessify-0.0.8.tgz",
      "integrity": "sha1-sYQTZfOhV3vLYTteCWKs1MC2W5s=",
      "requires": {
        "less": "2.0.0",
        "through2": "0.6.5"
      }
    },
    "node-uuid": {
      "version": "1.4.8",
      "resolved": "https://registry.npmjs.org/node-uuid/-/node-uuid-1.4.8.tgz",
      "integrity": "sha1-sEDrCSOWivq/jTL7HxfxFn/auQc="
    },
    "oauth-sign": {
      "version": "0.4.0",
      "resolved": "https://registry.npmjs.org/oauth-sign/-/oauth-sign-0.4.0.tgz",
      "integrity": "sha1-8ilW8x6nFRqCHl8vsywRPK2Ln2k="
    },
    "object-keys": {
      "version": "1.0.11",
      "resolved": "https://registry.npmjs.org/object-keys/-/object-keys-1.0.11.tgz",
      "integrity": "sha1-xUYBd4rVYPEULODgG8yotW0TQm0="
    },
    "optionator": {
      "version": "0.8.2",
      "resolved": "https://registry.npmjs.org/optionator/-/optionator-0.8.2.tgz",
      "integrity": "sha1-NkxeQJ0/TWMB1sC0wFu6UBgK62Q=",
      "requires": {
        "deep-is": "0.1.3",
        "fast-levenshtein": "2.0.6",
        "levn": "0.3.0",
        "prelude-ls": "1.1.2",
        "type-check": "0.3.2",
        "wordwrap": "1.0.0"
      }
    },
    "path-parse": {
      "version": "1.0.5",
      "resolved": "https://registry.npmjs.org/path-parse/-/path-parse-1.0.5.tgz",
      "integrity": "sha1-PBrfhx6pzWyUMbbqK9dKD/BVxME="
    },
    "prelude-ls": {
      "version": "1.1.2",
      "resolved": "https://registry.npmjs.org/prelude-ls/-/prelude-ls-1.1.2.tgz",
      "integrity": "sha1-IZMqVJ9eUv/ZqCf1cOBL5iqX2lQ="
    },
    "promise": {
      "version": "6.0.1",
      "resolved": "https://registry.npmjs.org/promise/-/promise-6.0.1.tgz",
      "integrity": "sha1-1HXP+BwIOif+h64ZlStywaaTYjc=",
      "requires": {
        "asap": "1.0.0"
      }
    },
    "punycode": {
      "version": "1.4.1",
      "resolved": "https://registry.npmjs.org/punycode/-/punycode-1.4.1.tgz",
      "integrity": "sha1-wNWmOycYgArY4esPpSachN1BhF4="
    },
    "qs": {
      "version": "2.3.3",
      "resolved": "https://registry.npmjs.org/qs/-/qs-2.3.3.tgz",
      "integrity": "sha1-6eha2+ddoLvkyOBHaghikPhjtAQ="
    },
    "re-require": {
      "version": "0.0.1",
      "resolved": "https://registry.npmjs.org/re-require/-/re-require-0.0.1.tgz",
      "integrity": "sha1-LAJV/2MccmK1rISacTp6a1FuOZw=",
      "requires": {
        "escodegen": "1.9.1",
        "esprima": "1.2.5",
        "merle": "0.1.5"
      }
    },
    "readable-stream": {
      "version": "1.0.34",
      "resolved": "https://registry.npmjs.org/readable-stream/-/readable-stream-1.0.34.tgz",
      "integrity": "sha1-Elgg40vIQtLyqq+v5MKRbuMsFXw=",
      "requires": {
        "core-util-is": "1.0.2",
        "inherits": "2.0.3",
        "isarray": "0.0.1",
        "string_decoder": "0.10.31"
      }
    },
    "request": {
      "version": "2.47.0",
      "resolved": "https://registry.npmjs.org/request/-/request-2.47.0.tgz",
      "integrity": "sha1-Cen9Gk/tZZOoBe+CArIPDF7LSF8=",
      "requires": {
        "aws-sign2": "0.5.0",
        "bl": "0.9.5",
        "caseless": "0.6.0",
        "combined-stream": "0.0.7",
        "forever-agent": "0.5.2",
        "form-data": "0.1.4",
        "hawk": "1.1.1",
        "http-signature": "0.10.1",
        "json-stringify-safe": "5.0.1",
        "mime-types": "1.0.2",
        "node-uuid": "1.4.8",
        "oauth-sign": "0.4.0",
        "qs": "2.3.3",
        "stringstream": "0.0.5",
        "tough-cookie": "2.3.4",
        "tunnel-agent": "0.4.3"
      }
    },
    "resolve": {
      "version": "1.7.1",
      "resolved": "https://registry.npmjs.org/resolve/-/resolve-1.7.1.tgz",
      "integrity": "sha512-c7rwLofp8g1U+h1KNyHL/jicrKg1Ek4q+Lr33AL65uZTinUZHe30D5HlyN5V9NW0JX1D5dXQ4jqW5l7Sy/kGfw==",
      "requires": {
        "path-parse": "1.0.5"
      }
    },
    "rw": {
      "version": "1.3.3",
      "resolved": "https://registry.npmjs.org/rw/-/rw-1.3.3.tgz",
      "integrity": "sha1-P4Yt+pGrdmsUiF700BEkv9oHT7Q="
    },
    "safer-buffer": {
      "version": "2.1.2",
      "resolved": "https://registry.npmjs.org/safer-buffer/-/safer-buffer-2.1.2.tgz",
      "integrity": "sha512-YZo3K82SD7Riyi0E1EQPojLz7kpepnSQI9IyPbHHg1XXXevb5dJI7tpyN2ADxGcQbHG7vcyRHk0cbwqcQriUtg=="
    },
    "sntp": {
      "version": "0.2.4",
      "resolved": "https://registry.npmjs.org/sntp/-/sntp-0.2.4.tgz",
      "integrity": "sha1-+4hfGLDzqtGJ+CSGJTa87ux1CQA=",
      "requires": {
        "hoek": "0.9.1"
      }
    },
    "source-map": {
      "version": "0.1.43",
      "resolved": "https://registry.npmjs.org/source-map/-/source-map-0.1.43.tgz",
      "integrity": "sha1-wkvBRspRfBRx9drL4lcbK3+eM0Y=",
      "requires": {
        "amdefine": "1.0.1"
      }
    },
    "string_decoder": {
      "version": "0.10.31",
      "resolved": "https://registry.npmjs.org/string_decoder/-/string_decoder-0.10.31.tgz",
      "integrity": "sha1-YuIDvEF2bGwoyfyEMB2rHFMQ+pQ="
    },
    "stringstream": {
      "version": "0.0.5",
      "resolved": "https://registry.npmjs.org/stringstream/-/stringstream-0.0.5.tgz",
      "integrity": "sha1-TkhM1N5aC7vuGORjB3EKioFiGHg="
    },
    "svg-text-fit": {
      "version": "1.1.5",
      "resolved": "https://registry.npmjs.org/svg-text-fit/-/svg-text-fit-1.1.5.tgz",
      "integrity": "sha512-yaBsK1seYl4bmYnPjesvajuUcum197xAtG+ceAySrt9cofxUC2ig6gwMkX6nImkYRT9QKxsWhTVIpR4mRKEq2w==",
      "requires": {
        "kapsule": "1.9.1"
      }
    },
    "svg-utils": {
      "version": "1.2.6",
      "resolved": "https://registry.npmjs.org/svg-utils/-/svg-utils-1.2.6.tgz",
      "integrity": "sha512-jxms+429dM9otvrEnlHQFw4miMqzRy9tViOHU4nXnpp/NB3q99/HTrc4N0ZCJLj8hlRyEFw6cRESRSQvh4WRGQ==",
      "requires": {
        "d3-array": "1.2.1",
        "d3-scale": "1.0.7",
        "d3-selection": "1.3.0",
        "kapsule": "1.9.1"
      }
    },
    "through": {
      "version": "2.3.8",
      "resolved": "https://registry.npmjs.org/through/-/through-2.3.8.tgz",
      "integrity": "sha1-DdTJ/6q8NXlgsbckEV1+Doai4fU="
    },
    "through2": {
      "version": "0.6.5",
      "resolved": "https://registry.npmjs.org/through2/-/through2-0.6.5.tgz",
      "integrity": "sha1-QaucZ7KdVyCQcUEOHXp6lozTrUg=",
      "requires": {
        "readable-stream": "1.0.34",
        "xtend": "4.0.1"
      }
    },
    "timelines-chart": {
      "version": "2.6.3",
      "resolved": "https://registry.npmjs.org/timelines-chart/-/timelines-chart-2.6.3.tgz",
      "integrity": "sha512-iQmYKCSUlfhM+e9Mjiqv8BbD91viNu+pt1do2O/yvNvcZnUtbokMTQ1jjxWl2wAIZbw5Idcbsg0AwrP2mbLvSQ==",
      "requires": {
        "d3-array": "1.2.1",
        "d3-axis": "1.0.8",
        "d3-brush": "1.0.4",
        "d3-color-legend": "1.2.4",
        "d3-scale": "2.0.0",
        "d3-scale-chromatic": "1.2.0",
        "d3-selection": "1.3.0",
        "d3-time-format": "2.1.1",
        "d3-tip": "0.7.1",
        "kapsule": "1.9.1",
        "svg-text-fit": "1.1.5",
        "svg-utils": "1.2.6"
      },
      "dependencies": {
        "d3-scale": {
          "version": "2.0.0",
          "resolved": "https://registry.npmjs.org/d3-scale/-/d3-scale-2.0.0.tgz",
          "integrity": "sha512-Sa2Ny6CoJT7x6dozxPnvUQT61epGWsgppFvnNl8eJEzfJBG0iDBBTJAtz2JKem7Mb+NevnaZiDiIDHsuWkv6vg==",
          "requires": {
            "d3-array": "1.2.1",
            "d3-collection": "1.0.4",
            "d3-format": "1.2.2",
            "d3-interpolate": "1.2.0",
            "d3-time": "1.0.8",
            "d3-time-format": "2.1.1"
          }
        }
      }
    },
    "tinycolor2": {
      "version": "1.4.1",
      "resolved": "https://registry.npmjs.org/tinycolor2/-/tinycolor2-1.4.1.tgz",
      "integrity": "sha1-9PrTM0R7wLB9TcjpIJ2POaisd+g="
    },
    "tough-cookie": {
      "version": "2.3.4",
      "resolved": "https://registry.npmjs.org/tough-cookie/-/tough-cookie-2.3.4.tgz",
      "integrity": "sha512-TZ6TTfI5NtZnuyy/Kecv+CnoROnyXn2DN97LontgQpCwsX2XyLYCC0ENhYkehSOwAp8rTQKc/NUIF7BkQ5rKLA==",
      "requires": {
        "punycode": "1.4.1"
      }
    },
    "tunnel-agent": {
      "version": "0.4.3",
      "resolved": "https://registry.npmjs.org/tunnel-agent/-/tunnel-agent-0.4.3.tgz",
      "integrity": "sha1-Y3PbdpCf5XDgjXNYM2Xtgop07us="
    },
    "type-check": {
      "version": "0.3.2",
      "resolved": "https://registry.npmjs.org/type-check/-/type-check-0.3.2.tgz",
      "integrity": "sha1-WITKtRLPHTVeP7eE8wgEsrUg23I=",
      "requires": {
        "prelude-ls": "1.1.2"
      }
    },
    "uglify-js": {
      "version": "1.0.6",
      "resolved": "https://registry.npmjs.org/uglify-js/-/uglify-js-1.0.6.tgz",
      "integrity": "sha1-8NOq/UY/JqQ3uevBn0lHq36AeKo="
    },
    "vash": {
      "version": "0.7.12-1",
      "resolved": "https://registry.npmjs.org/vash/-/vash-0.7.12-1.tgz",
      "integrity": "sha1-E/GII37qPaw+LhHZ93rig+N3ZUA=",
      "requires": {
        "commander": "1.1.1",
        "uglify-js": "1.0.6"
      },
      "dependencies": {
        "commander": {
          "version": "1.1.1",
          "resolved": "https://registry.npmjs.org/commander/-/commander-1.1.1.tgz",
          "integrity": "sha1-UNFlGGiuYOzP8KLZ80WVN2vGsEE=",
          "requires": {
            "keypress": "0.1.0"
          }
        }
      }
    },
    "vashify": {
      "version": "0.4.0",
      "resolved": "https://registry.npmjs.org/vashify/-/vashify-0.4.0.tgz",
      "integrity": "sha1-7y2E2x8IRNlc9t/8kXFLoPWELSI=",
      "requires": {
        "browserify-transform-tools": "1.7.0",
        "mkdirp": "0.5.1",
        "re-require": "0.0.1",
        "resolve": "1.7.1",
        "vash": "0.7.12-1"
      }
    },
    "wordwrap": {
      "version": "1.0.0",
      "resolved": "https://registry.npmjs.org/wordwrap/-/wordwrap-1.0.0.tgz",
      "integrity": "sha1-J1hIEIkUVqQXHI0CJkQa3pDLyus="
    },
    "xmlhttprequest": {
      "version": "1.8.0",
      "resolved": "https://registry.npmjs.org/xmlhttprequest/-/xmlhttprequest-1.8.0.tgz",
      "integrity": "sha1-Z/4HXFwk/vOfnWX197f+dRcZaPw="
    },
    "xtend": {
      "version": "4.0.1",
      "resolved": "https://registry.npmjs.org/xtend/-/xtend-4.0.1.tgz",
      "integrity": "sha1-pcbVMr5lbiPbgg77lDofBJmNY68="
    }
  }
}
